
Microsoft Visual Studio Solution File, Format Version 12.00
# Visual Studio Version 17
VisualStudioVersion = 17.14.36623.8 d17.14
MinimumVisualStudioVersion = 10.0.40219.1
Project("{8BC9CEB8-8B4A-11D0-8D11-00A0C91BC942}") = "mediator", "mediator\mediator.vcxproj", "{737B3E39-83E8-435A-AFFD-6E4EEBF9E22B}"
EndProject
Global
	GlobalSection(SolutionConfigurationPlatforms) = preSolution
		Debug|ARM64 = Debug|ARM64
		Debug|x64 = Debug|x64
		Debug|x86 = Debug|x86
		Release|ARM64 = Release|ARM64
		Release|x64 = Release|x64
		Release|x86 = Release|x86
	EndGlobalSection
	GlobalSection(ProjectConfigurationPlatforms) = postSolution
		{737B3E39-83E8-435A-AFFD-6E4EEBF9E22B}.Debug|ARM64.ActiveCfg = Debug|ARM64
		{737B3E39-83E8-435A-AFFD-6E4EEBF9E22B}.Debug|ARM64.Build.0 = Debug|ARM64
		{737B3E39-83E8-435A-AFFD-6E4EEBF9E22B}.Debug|x64.ActiveCfg = Debug|x64
		{737B3E39-83E8-435A-AFFD-6E4EEBF9E22B}.Debug|x64.Build.0 = Debug|x64
		{737B3E39-83E8-435A-AFFD-6E4EEBF9E22B}.Debug|x86.ActiveCfg = Debug|Win32
		{737B3E39-83E8-435A-AFFD-6E4EEBF9E22B}.Debug|x86.Build.0 = Debug|Win32
		{737B3E39-83E8-435A-AFFD-6E4EEBF9E22B}.Release|ARM64.ActiveCfg = Release|ARM64
		{737B3E39-83E8-435A-AFFD-6E4EEBF9E22B}.Release|ARM64.Build.0 = Release|ARM64
		{737B3E39-83E8-435A-AFFD-6E4EEBF9E22B}.Release|x64.ActiveCfg = Release|x64
		{737B3E39-83E8-435A-AFFD-6E4EEBF9E22B}.Release|x64.Build.0 = Release|x64
		{737B3E39-83E8-435A-AFFD-6E4EEBF9E22B}.Release|x86.ActiveCfg = Release|Win32
		{737B3E39-83E8-435A-AFFD-6E4EEBF9E22B}.Release|x86.Build.0 = Release|Win32
	EndGlobalSection
	GlobalSection(SolutionProperties) = preSolution
		HideSolutionNode = FALSE
	EndGlobalSection
	GlobalSection(ExtensibilityGlobals) = postSolution
		SolutionGuid = {7751F866-44BE-4894-978B-24DF8C7D012C}
	EndGlobalSection
EndGlobal
